
Microsoft Visual Studio Solution File, Format Version 12.00
# Visual Studio Version 17
VisualStudioVersion = 17.6.33815.320
MinimumVisualStudioVersion = 10.0.40219.1
Project("{FAE04EC0-301F-11D3-BF4B-00C04F79EFBC}") = "ConvertidoresFormato", "ConvertidoresFormato\ConvertidoresFormato.csproj", "{58CB2B86-1545-4589-90D7-B78ED4B291F2}"
EndProject
Global
	GlobalSection(SolutionConfigurationPlatforms) = preSolution
		Debug|Any CPU = Debug|Any CPU
		Release|Any CPU = Release|Any CPU
	EndGlobalSection
	GlobalSection(ProjectConfigurationPlatforms) = postSolution
		{58CB2B86-1545-4589-90D7-B78ED4B291F2}.Debug|Any CPU.ActiveCfg = Debug|Any CPU
		{58CB2B86-1545-4589-90D7-B78ED4B291F2}.Debug|Any CPU.Build.0 = Debug|Any CPU
		{58CB2B86-1545-4589-90D7-B78ED4B291F2}.Release|Any CPU.ActiveCfg = Release|Any CPU
		{58CB2B86-1545-4589-90D7-B78ED4B291F2}.Release|Any CPU.Build.0 = Release|Any CPU
	EndGlobalSection
	GlobalSection(SolutionProperties) = preSolution
		HideSolutionNode = FALSE
	EndGlobalSection
	GlobalSection(ExtensibilityGlobals) = postSolution
		SolutionGuid = {85B9B558-A602-4C84-9E2F-B834EA018CE0}
	EndGlobalSection
EndGlobal
